// !$*UTF8*$!
{
	archiveVersion = 1;
	classes = {
	};
	objectVersion = 54;
	objects = {

/* Begin PBXBuildFile section */
		0003E693285BE69D0050E1E2 /* HomeCategoryService.swift in Sources */ = {isa = PBXBuildFile; fileRef = 0003E692285BE69D0050E1E2 /* HomeCategoryService.swift */; };
		0003E695285BE7C90050E1E2 /* HomeCategoryViewModel.swift in Sources */ = {isa = PBXBuildFile; fileRef = 0003E694285BE7C90050E1E2 /* HomeCategoryViewModel.swift */; };
		000B04C92852CC8D001A35ED /* HomeViewController.swift in Sources */ = {isa = PBXBuildFile; fileRef = 000B04C82852CC8D001A35ED /* HomeViewController.swift */; };
		000B04CB2852DBC3001A35ED /* CategoryCollectionViewCell.swift in Sources */ = {isa = PBXBuildFile; fileRef = 000B04CA2852DBC3001A35ED /* CategoryCollectionViewCell.swift */; };
		002261F1286150A900F4F430 /* HomeRestaurantService.swift in Sources */ = {isa = PBXBuildFile; fileRef = 002261F0286150A900F4F430 /* HomeRestaurantService.swift */; };
		002261F42861511300F4F430 /* HomeRestaurantViewModel.swift in Sources */ = {isa = PBXBuildFile; fileRef = 002261F32861511300F4F430 /* HomeRestaurantViewModel.swift */; };
		0026BB07286370C900346E99 /* ProgressiveView.swift in Sources */ = {isa = PBXBuildFile; fileRef = 0026BB06286370C900346E99 /* ProgressiveView.swift */; };
		0026BB092863710300346E99 /* ProgresseShapeLayer.swift in Sources */ = {isa = PBXBuildFile; fileRef = 0026BB082863710300346E99 /* ProgresseShapeLayer.swift */; };
		0026BB0B2863714700346E99 /* StrokeAnimation.swift in Sources */ = {isa = PBXBuildFile; fileRef = 0026BB0A2863714700346E99 /* StrokeAnimation.swift */; };
		0026BB0D28637CF500346E99 /* StrokeColorAnimation.swift in Sources */ = {isa = PBXBuildFile; fileRef = 0026BB0C28637CF500346E99 /* StrokeColorAnimation.swift */; };
		006FB9FF2864DDB900628F39 /* MapService.swift in Sources */ = {isa = PBXBuildFile; fileRef = 006FB9FE2864DDB900628F39 /* MapService.swift */; };
		0095C776285953E8006DE580 /* DetailsViewController.swift in Sources */ = {isa = PBXBuildFile; fileRef = 0095C775285953E8006DE580 /* DetailsViewController.swift */; };
		00978085285E75B700A09A21 /* CommonService.swift in Sources */ = {isa = PBXBuildFile; fileRef = 00978084285E75B600A09A21 /* CommonService.swift */; };
		00E0A1142865F7E00025DCE6 /* FilterViewController.swift in Sources */ = {isa = PBXBuildFile; fileRef = 00E0A1132865F7DF0025DCE6 /* FilterViewController.swift */; };
		00E8F9C2286FCC9B000C9EB8 /* LoadingView.swift in Sources */ = {isa = PBXBuildFile; fileRef = 00E8F9C1286FCC9B000C9EB8 /* LoadingView.swift */; };
		0A69E55589D910CFF7DBDCED /* Pods_tripsine_mobileTests.framework in Frameworks */ = {isa = PBXBuildFile; fileRef = 3B21019C33B3539B712FE0E4 /* Pods_tripsine_mobileTests.framework */; };
		3A0698EF2879C16E00B840E3 /* Location.xcdatamodeld in Sources */ = {isa = PBXBuildFile; fileRef = 3A0698ED2879C16E00B840E3 /* Location.xcdatamodeld */; };
		3A0698F42879CB8B00B840E3 /* LocationCoreDataService.swift in Sources */ = {isa = PBXBuildFile; fileRef = 3A0698F32879CB8B00B840E3 /* LocationCoreDataService.swift */; };
		3A0EEC91286013C70066FA13 /* LoginViewController.swift in Sources */ = {isa = PBXBuildFile; fileRef = 3A0EEC90286013C70066FA13 /* LoginViewController.swift */; };
		3A79C51A285FD86300AB69F9 /* HomeCategoryModel.swift in Sources */ = {isa = PBXBuildFile; fileRef = 3A79C519285FD86300AB69F9 /* HomeCategoryModel.swift */; };
		3AC4128E285BA24300EA4A5D /* LocationModel.swift in Sources */ = {isa = PBXBuildFile; fileRef = 3AC4128D285BA24300EA4A5D /* LocationModel.swift */; };
		3AC41292285E919B00EA4A5D /* CustomUITabBarController.swift in Sources */ = {isa = PBXBuildFile; fileRef = 3AC41291285E919B00EA4A5D /* CustomUITabBarController.swift */; };
		3AC412BA285F550C00EA4A5D /* fonts in Resources */ = {isa = PBXBuildFile; fileRef = 3A99706A285262F0000965E9 /* fonts */; };
		3AC412CE285F568B00EA4A5D /* Poppins-ExtraLight.ttf in Resources */ = {isa = PBXBuildFile; fileRef = 3AC412BC285F568A00EA4A5D /* Poppins-ExtraLight.ttf */; };
		3AC412CF285F568B00EA4A5D /* Poppins-ThinItalic.ttf in Resources */ = {isa = PBXBuildFile; fileRef = 3AC412BD285F568A00EA4A5D /* Poppins-ThinItalic.ttf */; };
		3AC412D0285F568B00EA4A5D /* Poppins-ExtraLightItalic.ttf in Resources */ = {isa = PBXBuildFile; fileRef = 3AC412BE285F568A00EA4A5D /* Poppins-ExtraLightItalic.ttf */; };
		3AC412D1285F568B00EA4A5D /* Poppins-BoldItalic.ttf in Resources */ = {isa = PBXBuildFile; fileRef = 3AC412BF285F568A00EA4A5D /* Poppins-BoldItalic.ttf */; };
		3AC412D2285F568B00EA4A5D /* Poppins-Light.ttf in Resources */ = {isa = PBXBuildFile; fileRef = 3AC412C0285F568A00EA4A5D /* Poppins-Light.ttf */; };
		3AC412D3285F568B00EA4A5D /* Poppins-Medium.ttf in Resources */ = {isa = PBXBuildFile; fileRef = 3AC412C1285F568A00EA4A5D /* Poppins-Medium.ttf */; };
		3AC412D4285F568B00EA4A5D /* Poppins-SemiBoldItalic.ttf in Resources */ = {isa = PBXBuildFile; fileRef = 3AC412C2285F568A00EA4A5D /* Poppins-SemiBoldItalic.ttf */; };
		3AC412D5285F568B00EA4A5D /* Poppins-ExtraBoldItalic.ttf in Resources */ = {isa = PBXBuildFile; fileRef = 3AC412C3285F568A00EA4A5D /* Poppins-ExtraBoldItalic.ttf */; };
		3AC412D6285F568B00EA4A5D /* Poppins-ExtraBold.ttf in Resources */ = {isa = PBXBuildFile; fileRef = 3AC412C4285F568A00EA4A5D /* Poppins-ExtraBold.ttf */; };
		3AC412D7285F568B00EA4A5D /* Poppins-BlackItalic.ttf in Resources */ = {isa = PBXBuildFile; fileRef = 3AC412C5285F568A00EA4A5D /* Poppins-BlackItalic.ttf */; };
		3AC412D8285F568B00EA4A5D /* Poppins-Regular.ttf in Resources */ = {isa = PBXBuildFile; fileRef = 3AC412C6285F568A00EA4A5D /* Poppins-Regular.ttf */; };
		3AC412D9285F568B00EA4A5D /* Poppins-LightItalic.ttf in Resources */ = {isa = PBXBuildFile; fileRef = 3AC412C7285F568A00EA4A5D /* Poppins-LightItalic.ttf */; };
		3AC412DA285F568B00EA4A5D /* Poppins-Bold.ttf in Resources */ = {isa = PBXBuildFile; fileRef = 3AC412C8285F568A00EA4A5D /* Poppins-Bold.ttf */; };
		3AC412DB285F568B00EA4A5D /* Poppins-Black.ttf in Resources */ = {isa = PBXBuildFile; fileRef = 3AC412C9285F568A00EA4A5D /* Poppins-Black.ttf */; };
		3AC412DC285F568B00EA4A5D /* Poppins-Thin.ttf in Resources */ = {isa = PBXBuildFile; fileRef = 3AC412CA285F568A00EA4A5D /* Poppins-Thin.ttf */; };
		3AC412DD285F568B00EA4A5D /* Poppins-SemiBold.ttf in Resources */ = {isa = PBXBuildFile; fileRef = 3AC412CB285F568A00EA4A5D /* Poppins-SemiBold.ttf */; };
		3AC412DE285F568B00EA4A5D /* Poppins-Italic.ttf in Resources */ = {isa = PBXBuildFile; fileRef = 3AC412CC285F568A00EA4A5D /* Poppins-Italic.ttf */; };
		3AC412DF285F568B00EA4A5D /* Poppins-MediumItalic.ttf in Resources */ = {isa = PBXBuildFile; fileRef = 3AC412CD285F568A00EA4A5D /* Poppins-MediumItalic.ttf */; };
		3ACFC3F92843E00D00AE4504 /* AppDelegate.swift in Sources */ = {isa = PBXBuildFile; fileRef = 3ACFC3F82843E00D00AE4504 /* AppDelegate.swift */; };
		3ACFC3FB2843E00D00AE4504 /* SceneDelegate.swift in Sources */ = {isa = PBXBuildFile; fileRef = 3ACFC3FA2843E00D00AE4504 /* SceneDelegate.swift */; };
		3ACFC4002843E00D00AE4504 /* Main.storyboard in Resources */ = {isa = PBXBuildFile; fileRef = 3ACFC3FE2843E00D00AE4504 /* Main.storyboard */; };
		3ACFC4022843E01100AE4504 /* Assets.xcassets in Resources */ = {isa = PBXBuildFile; fileRef = 3ACFC4012843E01100AE4504 /* Assets.xcassets */; };
		3ACFC4052843E01100AE4504 /* LaunchScreen.storyboard in Resources */ = {isa = PBXBuildFile; fileRef = 3ACFC4032843E01100AE4504 /* LaunchScreen.storyboard */; };
		3ACFC4102843E01200AE4504 /* tripsine_mobileTests.swift in Sources */ = {isa = PBXBuildFile; fileRef = 3ACFC40F2843E01200AE4504 /* tripsine_mobileTests.swift */; };
		3ACFC41A2843E01200AE4504 /* tripsine_mobileUITests.swift in Sources */ = {isa = PBXBuildFile; fileRef = 3ACFC4192843E01200AE4504 /* tripsine_mobileUITests.swift */; };
		3ACFC41C2843E01200AE4504 /* tripsine_mobileUITestsLaunchTests.swift in Sources */ = {isa = PBXBuildFile; fileRef = 3ACFC41B2843E01200AE4504 /* tripsine_mobileUITestsLaunchTests.swift */; };
		3AEB27FD284D3D6500A9FF93 /* restaurants.json in Resources */ = {isa = PBXBuildFile; fileRef = 3AEB27FC284D3D6500A9FF93 /* restaurants.json */; };
		3AF2A8E2284D74BD00604E2F /* Artwork.swift in Sources */ = {isa = PBXBuildFile; fileRef = 3AF2A8E1284D74BD00604E2F /* Artwork.swift */; };
		3AF68BED2853A5E200AB6945 /* MapViewController.swift in Sources */ = {isa = PBXBuildFile; fileRef = 3AF68BEB2853A5E200AB6945 /* MapViewController.swift */; };
		3AF68BEE2853A5E200AB6945 /* FavoritsTableViewController.swift in Sources */ = {isa = PBXBuildFile; fileRef = 3AF68BEC2853A5E200AB6945 /* FavoritsTableViewController.swift */; };
		3AF68BF02853A5ED00AB6945 /* FavoritsTableViewCell.swift in Sources */ = {isa = PBXBuildFile; fileRef = 3AF68BEF2853A5ED00AB6945 /* FavoritsTableViewCell.swift */; };
		3AF68BF22853AC0A00AB6945 /* RestaurantsCollectionViewCell.swift in Sources */ = {isa = PBXBuildFile; fileRef = 3AF68BF12853AC0A00AB6945 /* RestaurantsCollectionViewCell.swift */; };
		3AF68BF42853CCD100AB6945 /* RegisterViewController.swift in Sources */ = {isa = PBXBuildFile; fileRef = 3AF68BF32853CCD100AB6945 /* RegisterViewController.swift */; };
		55D44EB328514E7C0069370F /* AboutViewController.swift in Sources */ = {isa = PBXBuildFile; fileRef = 55D44EB228514E7C0069370F /* AboutViewController.swift */; };
		55D44EBB285150590069370F /* ProfileViewController.swift in Sources */ = {isa = PBXBuildFile; fileRef = 55D44EBA285150590069370F /* ProfileViewController.swift */; };
		7C5DF82FF068F5B6AFC10F1F /* Pods_tripsine_mobile.framework in Frameworks */ = {isa = PBXBuildFile; fileRef = 7DF99D97A5B8307EA8E5FF4A /* Pods_tripsine_mobile.framework */; };
		D4E5944B4FD4AD39F10C92D7 /* Pods_tripsine_mobile_tripsine_mobileUITests.framework in Frameworks */ = {isa = PBXBuildFile; fileRef = 1755D41974738FA09963535B /* Pods_tripsine_mobile_tripsine_mobileUITests.framework */; };
/* End PBXBuildFile section */

/* Begin PBXContainerItemProxy section */
		3ACFC40C2843E01200AE4504 /* PBXContainerItemProxy */ = {
			isa = PBXContainerItemProxy;
			containerPortal = 3ACFC3ED2843E00D00AE4504 /* Project object */;
			proxyType = 1;
			remoteGlobalIDString = 3ACFC3F42843E00D00AE4504;
			remoteInfo = "tripsine-mobile";
		};
		3ACFC4162843E01200AE4504 /* PBXContainerItemProxy */ = {
			isa = PBXContainerItemProxy;
			containerPortal = 3ACFC3ED2843E00D00AE4504 /* Project object */;
			proxyType = 1;
			remoteGlobalIDString = 3ACFC3F42843E00D00AE4504;
			remoteInfo = "tripsine-mobile";
		};
/* End PBXContainerItemProxy section */

/* Begin PBXFileReference section */
		0003E692285BE69D0050E1E2 /* HomeCategoryService.swift */ = {isa = PBXFileReference; lastKnownFileType = sourcecode.swift; path = HomeCategoryService.swift; sourceTree = "<group>"; };
		0003E694285BE7C90050E1E2 /* HomeCategoryViewModel.swift */ = {isa = PBXFileReference; lastKnownFileType = sourcecode.swift; path = HomeCategoryViewModel.swift; sourceTree = "<group>"; };
		000B04C82852CC8D001A35ED /* HomeViewController.swift */ = {isa = PBXFileReference; lastKnownFileType = sourcecode.swift; path = HomeViewController.swift; sourceTree = "<group>"; };
		000B04CA2852DBC3001A35ED /* CategoryCollectionViewCell.swift */ = {isa = PBXFileReference; lastKnownFileType = sourcecode.swift; path = CategoryCollectionViewCell.swift; sourceTree = "<group>"; };
		002261F0286150A900F4F430 /* HomeRestaurantService.swift */ = {isa = PBXFileReference; lastKnownFileType = sourcecode.swift; path = HomeRestaurantService.swift; sourceTree = "<group>"; };
		002261F32861511300F4F430 /* HomeRestaurantViewModel.swift */ = {isa = PBXFileReference; lastKnownFileType = sourcecode.swift; path = HomeRestaurantViewModel.swift; sourceTree = "<group>"; };
		0026BB06286370C900346E99 /* ProgressiveView.swift */ = {isa = PBXFileReference; lastKnownFileType = sourcecode.swift; path = ProgressiveView.swift; sourceTree = "<group>"; };
		0026BB082863710300346E99 /* ProgresseShapeLayer.swift */ = {isa = PBXFileReference; lastKnownFileType = sourcecode.swift; path = ProgresseShapeLayer.swift; sourceTree = "<group>"; };
		0026BB0A2863714700346E99 /* StrokeAnimation.swift */ = {isa = PBXFileReference; lastKnownFileType = sourcecode.swift; path = StrokeAnimation.swift; sourceTree = "<group>"; };
		0026BB0C28637CF500346E99 /* StrokeColorAnimation.swift */ = {isa = PBXFileReference; lastKnownFileType = sourcecode.swift; path = StrokeColorAnimation.swift; sourceTree = "<group>"; };
		006FB9FE2864DDB900628F39 /* MapService.swift */ = {isa = PBXFileReference; lastKnownFileType = sourcecode.swift; path = MapService.swift; sourceTree = "<group>"; };
		0095C775285953E8006DE580 /* DetailsViewController.swift */ = {isa = PBXFileReference; fileEncoding = 4; lastKnownFileType = sourcecode.swift; path = DetailsViewController.swift; sourceTree = "<group>"; };
		00978084285E75B600A09A21 /* CommonService.swift */ = {isa = PBXFileReference; lastKnownFileType = sourcecode.swift; path = CommonService.swift; sourceTree = "<group>"; };
		00E0A1132865F7DF0025DCE6 /* FilterViewController.swift */ = {isa = PBXFileReference; lastKnownFileType = sourcecode.swift; path = FilterViewController.swift; sourceTree = "<group>"; };
		00E8F9C1286FCC9B000C9EB8 /* LoadingView.swift */ = {isa = PBXFileReference; lastKnownFileType = sourcecode.swift; path = LoadingView.swift; sourceTree = "<group>"; };
		1755D41974738FA09963535B /* Pods_tripsine_mobile_tripsine_mobileUITests.framework */ = {isa = PBXFileReference; explicitFileType = wrapper.framework; includeInIndex = 0; path = Pods_tripsine_mobile_tripsine_mobileUITests.framework; sourceTree = BUILT_PRODUCTS_DIR; };
		3A0698EE2879C16E00B840E3 /* Location.xcdatamodel */ = {isa = PBXFileReference; lastKnownFileType = wrapper.xcdatamodel; path = Location.xcdatamodel; sourceTree = "<group>"; };
		3A0698F32879CB8B00B840E3 /* LocationCoreDataService.swift */ = {isa = PBXFileReference; lastKnownFileType = sourcecode.swift; path = LocationCoreDataService.swift; sourceTree = "<group>"; };
		3A0EEC90286013C70066FA13 /* LoginViewController.swift */ = {isa = PBXFileReference; lastKnownFileType = sourcecode.swift; path = LoginViewController.swift; sourceTree = "<group>"; };
		3A79C519285FD86300AB69F9 /* HomeCategoryModel.swift */ = {isa = PBXFileReference; lastKnownFileType = sourcecode.swift; path = HomeCategoryModel.swift; sourceTree = "<group>"; };
		3A99706A285262F0000965E9 /* fonts */ = {isa = PBXFileReference; lastKnownFileType = folder; path = fonts; sourceTree = "<group>"; };
		3AC4128D285BA24300EA4A5D /* LocationModel.swift */ = {isa = PBXFileReference; lastKnownFileType = sourcecode.swift; path = LocationModel.swift; sourceTree = "<group>"; };
		3AC41291285E919B00EA4A5D /* CustomUITabBarController.swift */ = {isa = PBXFileReference; lastKnownFileType = sourcecode.swift; path = CustomUITabBarController.swift; sourceTree = "<group>"; };
		3AC412BC285F568A00EA4A5D /* Poppins-ExtraLight.ttf */ = {isa = PBXFileReference; lastKnownFileType = file; path = "Poppins-ExtraLight.ttf"; sourceTree = "<group>"; };
		3AC412BD285F568A00EA4A5D /* Poppins-ThinItalic.ttf */ = {isa = PBXFileReference; lastKnownFileType = file; path = "Poppins-ThinItalic.ttf"; sourceTree = "<group>"; };
		3AC412BE285F568A00EA4A5D /* Poppins-ExtraLightItalic.ttf */ = {isa = PBXFileReference; lastKnownFileType = file; path = "Poppins-ExtraLightItalic.ttf"; sourceTree = "<group>"; };
		3AC412BF285F568A00EA4A5D /* Poppins-BoldItalic.ttf */ = {isa = PBXFileReference; lastKnownFileType = file; path = "Poppins-BoldItalic.ttf"; sourceTree = "<group>"; };
		3AC412C0285F568A00EA4A5D /* Poppins-Light.ttf */ = {isa = PBXFileReference; lastKnownFileType = file; path = "Poppins-Light.ttf"; sourceTree = "<group>"; };
		3AC412C1285F568A00EA4A5D /* Poppins-Medium.ttf */ = {isa = PBXFileReference; lastKnownFileType = file; path = "Poppins-Medium.ttf"; sourceTree = "<group>"; };
		3AC412C2285F568A00EA4A5D /* Poppins-SemiBoldItalic.ttf */ = {isa = PBXFileReference; lastKnownFileType = file; path = "Poppins-SemiBoldItalic.ttf"; sourceTree = "<group>"; };
		3AC412C3285F568A00EA4A5D /* Poppins-ExtraBoldItalic.ttf */ = {isa = PBXFileReference; lastKnownFileType = file; path = "Poppins-ExtraBoldItalic.ttf"; sourceTree = "<group>"; };
		3AC412C4285F568A00EA4A5D /* Poppins-ExtraBold.ttf */ = {isa = PBXFileReference; lastKnownFileType = file; path = "Poppins-ExtraBold.ttf"; sourceTree = "<group>"; };
		3AC412C5285F568A00EA4A5D /* Poppins-BlackItalic.ttf */ = {isa = PBXFileReference; lastKnownFileType = file; path = "Poppins-BlackItalic.ttf"; sourceTree = "<group>"; };
		3AC412C6285F568A00EA4A5D /* Poppins-Regular.ttf */ = {isa = PBXFileReference; lastKnownFileType = file; path = "Poppins-Regular.ttf"; sourceTree = "<group>"; };
		3AC412C7285F568A00EA4A5D /* Poppins-LightItalic.ttf */ = {isa = PBXFileReference; lastKnownFileType = file; path = "Poppins-LightItalic.ttf"; sourceTree = "<group>"; };
		3AC412C8285F568A00EA4A5D /* Poppins-Bold.ttf */ = {isa = PBXFileReference; lastKnownFileType = file; path = "Poppins-Bold.ttf"; sourceTree = "<group>"; };
		3AC412C9285F568A00EA4A5D /* Poppins-Black.ttf */ = {isa = PBXFileReference; lastKnownFileType = file; path = "Poppins-Black.ttf"; sourceTree = "<group>"; };
		3AC412CA285F568A00EA4A5D /* Poppins-Thin.ttf */ = {isa = PBXFileReference; lastKnownFileType = file; path = "Poppins-Thin.ttf"; sourceTree = "<group>"; };
		3AC412CB285F568A00EA4A5D /* Poppins-SemiBold.ttf */ = {isa = PBXFileReference; lastKnownFileType = file; path = "Poppins-SemiBold.ttf"; sourceTree = "<group>"; };
		3AC412CC285F568A00EA4A5D /* Poppins-Italic.ttf */ = {isa = PBXFileReference; lastKnownFileType = file; path = "Poppins-Italic.ttf"; sourceTree = "<group>"; };
		3AC412CD285F568A00EA4A5D /* Poppins-MediumItalic.ttf */ = {isa = PBXFileReference; lastKnownFileType = file; path = "Poppins-MediumItalic.ttf"; sourceTree = "<group>"; };
		3ACFC3F52843E00D00AE4504 /* tripsine-mobile.app */ = {isa = PBXFileReference; explicitFileType = wrapper.application; includeInIndex = 0; path = "tripsine-mobile.app"; sourceTree = BUILT_PRODUCTS_DIR; };
		3ACFC3F82843E00D00AE4504 /* AppDelegate.swift */ = {isa = PBXFileReference; lastKnownFileType = sourcecode.swift; path = AppDelegate.swift; sourceTree = "<group>"; };
		3ACFC3FA2843E00D00AE4504 /* SceneDelegate.swift */ = {isa = PBXFileReference; lastKnownFileType = sourcecode.swift; path = SceneDelegate.swift; sourceTree = "<group>"; };
		3ACFC3FF2843E00D00AE4504 /* Base */ = {isa = PBXFileReference; lastKnownFileType = file.storyboard; name = Base; path = Base.lproj/Main.storyboard; sourceTree = "<group>"; };
		3ACFC4012843E01100AE4504 /* Assets.xcassets */ = {isa = PBXFileReference; lastKnownFileType = folder.assetcatalog; path = Assets.xcassets; sourceTree = "<group>"; };
		3ACFC4042843E01100AE4504 /* Base */ = {isa = PBXFileReference; lastKnownFileType = file.storyboard; name = Base; path = Base.lproj/LaunchScreen.storyboard; sourceTree = "<group>"; };
		3ACFC4062843E01100AE4504 /* Info.plist */ = {isa = PBXFileReference; lastKnownFileType = text.plist.xml; path = Info.plist; sourceTree = "<group>"; };
		3ACFC40B2843E01200AE4504 /* tripsine-mobileTests.xctest */ = {isa = PBXFileReference; explicitFileType = wrapper.cfbundle; includeInIndex = 0; path = "tripsine-mobileTests.xctest"; sourceTree = BUILT_PRODUCTS_DIR; };
		3ACFC40F2843E01200AE4504 /* tripsine_mobileTests.swift */ = {isa = PBXFileReference; lastKnownFileType = sourcecode.swift; path = tripsine_mobileTests.swift; sourceTree = "<group>"; };
		3ACFC4152843E01200AE4504 /* tripsine-mobileUITests.xctest */ = {isa = PBXFileReference; explicitFileType = wrapper.cfbundle; includeInIndex = 0; path = "tripsine-mobileUITests.xctest"; sourceTree = BUILT_PRODUCTS_DIR; };
		3ACFC4192843E01200AE4504 /* tripsine_mobileUITests.swift */ = {isa = PBXFileReference; lastKnownFileType = sourcecode.swift; path = tripsine_mobileUITests.swift; sourceTree = "<group>"; };
		3ACFC41B2843E01200AE4504 /* tripsine_mobileUITestsLaunchTests.swift */ = {isa = PBXFileReference; lastKnownFileType = sourcecode.swift; path = tripsine_mobileUITestsLaunchTests.swift; sourceTree = "<group>"; };
		3AEB27FC284D3D6500A9FF93 /* restaurants.json */ = {isa = PBXFileReference; lastKnownFileType = text.json; path = restaurants.json; sourceTree = "<group>"; };
		3AF2A8E1284D74BD00604E2F /* Artwork.swift */ = {isa = PBXFileReference; lastKnownFileType = sourcecode.swift; path = Artwork.swift; sourceTree = "<group>"; };
		3AF68BEB2853A5E200AB6945 /* MapViewController.swift */ = {isa = PBXFileReference; fileEncoding = 4; lastKnownFileType = sourcecode.swift; path = MapViewController.swift; sourceTree = "<group>"; };
		3AF68BEC2853A5E200AB6945 /* FavoritsTableViewController.swift */ = {isa = PBXFileReference; fileEncoding = 4; lastKnownFileType = sourcecode.swift; path = FavoritsTableViewController.swift; sourceTree = "<group>"; };
		3AF68BEF2853A5ED00AB6945 /* FavoritsTableViewCell.swift */ = {isa = PBXFileReference; fileEncoding = 4; lastKnownFileType = sourcecode.swift; path = FavoritsTableViewCell.swift; sourceTree = "<group>"; };
		3AF68BF12853AC0A00AB6945 /* RestaurantsCollectionViewCell.swift */ = {isa = PBXFileReference; lastKnownFileType = sourcecode.swift; path = RestaurantsCollectionViewCell.swift; sourceTree = "<group>"; };
		3AF68BF32853CCD100AB6945 /* RegisterViewController.swift */ = {isa = PBXFileReference; lastKnownFileType = sourcecode.swift; path = RegisterViewController.swift; sourceTree = "<group>"; };
		3B21019C33B3539B712FE0E4 /* Pods_tripsine_mobileTests.framework */ = {isa = PBXFileReference; explicitFileType = wrapper.framework; includeInIndex = 0; path = Pods_tripsine_mobileTests.framework; sourceTree = BUILT_PRODUCTS_DIR; };
		44C68CF8B5EA0BA43DDEF07B /* Pods-tripsine-mobile-tripsine-mobileUITests.release.xcconfig */ = {isa = PBXFileReference; includeInIndex = 1; lastKnownFileType = text.xcconfig; name = "Pods-tripsine-mobile-tripsine-mobileUITests.release.xcconfig"; path = "Target Support Files/Pods-tripsine-mobile-tripsine-mobileUITests/Pods-tripsine-mobile-tripsine-mobileUITests.release.xcconfig"; sourceTree = "<group>"; };
		55D44EB228514E7C0069370F /* AboutViewController.swift */ = {isa = PBXFileReference; lastKnownFileType = sourcecode.swift; path = AboutViewController.swift; sourceTree = "<group>"; };
		55D44EBA285150590069370F /* ProfileViewController.swift */ = {isa = PBXFileReference; lastKnownFileType = sourcecode.swift; path = ProfileViewController.swift; sourceTree = "<group>"; };
		7DF99D97A5B8307EA8E5FF4A /* Pods_tripsine_mobile.framework */ = {isa = PBXFileReference; explicitFileType = wrapper.framework; includeInIndex = 0; path = Pods_tripsine_mobile.framework; sourceTree = BUILT_PRODUCTS_DIR; };
		8DA3E990C0576D47DD0CD048 /* Pods-tripsine-mobile.debug.xcconfig */ = {isa = PBXFileReference; includeInIndex = 1; lastKnownFileType = text.xcconfig; name = "Pods-tripsine-mobile.debug.xcconfig"; path = "Target Support Files/Pods-tripsine-mobile/Pods-tripsine-mobile.debug.xcconfig"; sourceTree = "<group>"; };
		CEF2F31CCB7E828CD808E173 /* Pods-tripsine-mobile.release.xcconfig */ = {isa = PBXFileReference; includeInIndex = 1; lastKnownFileType = text.xcconfig; name = "Pods-tripsine-mobile.release.xcconfig"; path = "Target Support Files/Pods-tripsine-mobile/Pods-tripsine-mobile.release.xcconfig"; sourceTree = "<group>"; };
		D5D687A40C04954D04526D8C /* Pods-tripsine-mobileTests.debug.xcconfig */ = {isa = PBXFileReference; includeInIndex = 1; lastKnownFileType = text.xcconfig; name = "Pods-tripsine-mobileTests.debug.xcconfig"; path = "Target Support Files/Pods-tripsine-mobileTests/Pods-tripsine-mobileTests.debug.xcconfig"; sourceTree = "<group>"; };
		E121CC47239B51F66BF77B1D /* Pods-tripsine-mobileTests.release.xcconfig */ = {isa = PBXFileReference; includeInIndex = 1; lastKnownFileType = text.xcconfig; name = "Pods-tripsine-mobileTests.release.xcconfig"; path = "Target Support Files/Pods-tripsine-mobileTests/Pods-tripsine-mobileTests.release.xcconfig"; sourceTree = "<group>"; };
		F7AC0F010E5BB377A8F034D7 /* Pods-tripsine-mobile-tripsine-mobileUITests.debug.xcconfig */ = {isa = PBXFileReference; includeInIndex = 1; lastKnownFileType = text.xcconfig; name = "Pods-tripsine-mobile-tripsine-mobileUITests.debug.xcconfig"; path = "Target Support Files/Pods-tripsine-mobile-tripsine-mobileUITests/Pods-tripsine-mobile-tripsine-mobileUITests.debug.xcconfig"; sourceTree = "<group>"; };
/* End PBXFileReference section */

/* Begin PBXFrameworksBuildPhase section */
		3ACFC3F22843E00D00AE4504 /* Frameworks */ = {
			isa = PBXFrameworksBuildPhase;
			buildActionMask = 2147483647;
			files = (
				7C5DF82FF068F5B6AFC10F1F /* Pods_tripsine_mobile.framework in Frameworks */,
			);
			runOnlyForDeploymentPostprocessing = 0;
		};
		3ACFC4082843E01200AE4504 /* Frameworks */ = {
			isa = PBXFrameworksBuildPhase;
			buildActionMask = 2147483647;
			files = (
				0A69E55589D910CFF7DBDCED /* Pods_tripsine_mobileTests.framework in Frameworks */,
			);
			runOnlyForDeploymentPostprocessing = 0;
		};
		3ACFC4122843E01200AE4504 /* Frameworks */ = {
			isa = PBXFrameworksBuildPhase;
			buildActionMask = 2147483647;
			files = (
				D4E5944B4FD4AD39F10C92D7 /* Pods_tripsine_mobile_tripsine_mobileUITests.framework in Frameworks */,
			);
			runOnlyForDeploymentPostprocessing = 0;
		};
/* End PBXFrameworksBuildPhase section */

/* Begin PBXGroup section */
		0003E691285BE63C0050E1E2 /* Service */ = {
			isa = PBXGroup;
			children = (
				006FB9FC2864DD9500628F39 /* Map */,
				00978084285E75B600A09A21 /* CommonService.swift */,
				002261EF2861505900F4F430 /* Home */,
				3A0698F32879CB8B00B840E3 /* LocationCoreDataService.swift */,
			);
			path = Service;
			sourceTree = "<group>";
		};
		000B04C42852CAE5001A35ED /* View */ = {
			isa = PBXGroup;
			children = (
				3ACFC3FE2843E00D00AE4504 /* Main.storyboard */,
				3ACFC4032843E01100AE4504 /* LaunchScreen.storyboard */,
				3ACFC3F82843E00D00AE4504 /* AppDelegate.swift */,
				3ACFC3FA2843E00D00AE4504 /* SceneDelegate.swift */,
				000B04C72852CC72001A35ED /* Cell */,
				000B04C62852CC5F001A35ED /* Controller */,
			);
			path = View;
			sourceTree = "<group>";
		};
		000B04C52852CAEB001A35ED /* ViewModel */ = {
			isa = PBXGroup;
			children = (
				002261F2286150E800F4F430 /* Home */,
			);
			path = ViewModel;
			sourceTree = "<group>";
		};
		000B04C62852CC5F001A35ED /* Controller */ = {
			isa = PBXGroup;
			children = (
				3AF68BF32853CCD100AB6945 /* RegisterViewController.swift */,
				55D44EB228514E7C0069370F /* AboutViewController.swift */,
				55D44EBA285150590069370F /* ProfileViewController.swift */,
				0095C775285953E8006DE580 /* DetailsViewController.swift */,
				3AF68BEC2853A5E200AB6945 /* FavoritsTableViewController.swift */,
				3AF68BEB2853A5E200AB6945 /* MapViewController.swift */,
				000B04C82852CC8D001A35ED /* HomeViewController.swift */,
				3AC41291285E919B00EA4A5D /* CustomUITabBarController.swift */,
				3A0EEC90286013C70066FA13 /* LoginViewController.swift */,
				00E0A1132865F7DF0025DCE6 /* FilterViewController.swift */,
			);
			path = Controller;
			sourceTree = "<group>";
		};
		000B04C72852CC72001A35ED /* Cell */ = {
			isa = PBXGroup;
			children = (
				006FBA002864E24600628F39 /* Favorits */,
				002261F52861527300F4F430 /* Home */,
			);
			path = Cell;
			sourceTree = "<group>";
		};
		002261EF2861505900F4F430 /* Home */ = {
			isa = PBXGroup;
			children = (
				0003E692285BE69D0050E1E2 /* HomeCategoryService.swift */,
				002261F0286150A900F4F430 /* HomeRestaurantService.swift */,
			);
			path = Home;
			sourceTree = "<group>";
		};
		002261F2286150E800F4F430 /* Home */ = {
			isa = PBXGroup;
			children = (
				0003E694285BE7C90050E1E2 /* HomeCategoryViewModel.swift */,
				002261F32861511300F4F430 /* HomeRestaurantViewModel.swift */,
			);
			path = Home;
			sourceTree = "<group>";
		};
		002261F52861527300F4F430 /* Home */ = {
			isa = PBXGroup;
			children = (
				000B04CA2852DBC3001A35ED /* CategoryCollectionViewCell.swift */,
				3AF68BF12853AC0A00AB6945 /* RestaurantsCollectionViewCell.swift */,
			);
			path = Home;
			sourceTree = "<group>";
		};
		0026BB052863709C00346E99 /* Design System */ = {
			isa = PBXGroup;
			children = (
				006FB9FB2864DD3200628F39 /* Loading */,
			);
			path = "Design System";
			sourceTree = "<group>";
		};
		006FB9FB2864DD3200628F39 /* Loading */ = {
			isa = PBXGroup;
			children = (
				0026BB06286370C900346E99 /* ProgressiveView.swift */,
				0026BB082863710300346E99 /* ProgresseShapeLayer.swift */,
				0026BB0A2863714700346E99 /* StrokeAnimation.swift */,
				0026BB0C28637CF500346E99 /* StrokeColorAnimation.swift */,
				00E8F9C1286FCC9B000C9EB8 /* LoadingView.swift */,
			);
			path = Loading;
			sourceTree = "<group>";
		};
		006FB9FC2864DD9500628F39 /* Map */ = {
			isa = PBXGroup;
			children = (
				006FB9FE2864DDB900628F39 /* MapService.swift */,
			);
			path = Map;
			sourceTree = "<group>";
		};
		006FBA002864E24600628F39 /* Favorits */ = {
			isa = PBXGroup;
			children = (
				3AF68BEF2853A5ED00AB6945 /* FavoritsTableViewCell.swift */,
			);
			path = Favorits;
			sourceTree = "<group>";
		};
		349B68C52690013142F974FF /* Frameworks */ = {
			isa = PBXGroup;
			children = (
				7DF99D97A5B8307EA8E5FF4A /* Pods_tripsine_mobile.framework */,
				1755D41974738FA09963535B /* Pods_tripsine_mobile_tripsine_mobileUITests.framework */,
				3B21019C33B3539B712FE0E4 /* Pods_tripsine_mobileTests.framework */,
			);
			name = Frameworks;
			sourceTree = "<group>";
		};
		3A0698EC2879C15500B840E3 /* Entities */ = {
			isa = PBXGroup;
			children = (
				3A0698ED2879C16E00B840E3 /* Location.xcdatamodeld */,
			);
			path = Entities;
			sourceTree = "<group>";
		};
		3A79C517285FD6F500AB69F9 /* Recovered References */ = {
			isa = PBXGroup;
			children = (
			);
			name = "Recovered References";
			sourceTree = "<group>";
		};
		3A79C518285FD83F00AB69F9 /* Model */ = {
			isa = PBXGroup;
			children = (
				3A79C519285FD86300AB69F9 /* HomeCategoryModel.swift */,
				3AC4128D285BA24300EA4A5D /* LocationModel.swift */,
			);
			path = Model;
			sourceTree = "<group>";
		};
		3AC412BB285F568A00EA4A5D /* Resources */ = {
			isa = PBXGroup;
			children = (
				3A99706A285262F0000965E9 /* fonts */,
				3AC412BC285F568A00EA4A5D /* Poppins-ExtraLight.ttf */,
				3AC412BD285F568A00EA4A5D /* Poppins-ThinItalic.ttf */,
				3AC412BE285F568A00EA4A5D /* Poppins-ExtraLightItalic.ttf */,
				3AC412BF285F568A00EA4A5D /* Poppins-BoldItalic.ttf */,
				3AC412C0285F568A00EA4A5D /* Poppins-Light.ttf */,
				3AC412C1285F568A00EA4A5D /* Poppins-Medium.ttf */,
				3AC412C2285F568A00EA4A5D /* Poppins-SemiBoldItalic.ttf */,
				3AC412C3285F568A00EA4A5D /* Poppins-ExtraBoldItalic.ttf */,
				3AC412C4285F568A00EA4A5D /* Poppins-ExtraBold.ttf */,
				3AC412C5285F568A00EA4A5D /* Poppins-BlackItalic.ttf */,
				3AC412C6285F568A00EA4A5D /* Poppins-Regular.ttf */,
				3AC412C7285F568A00EA4A5D /* Poppins-LightItalic.ttf */,
				3AC412C8285F568A00EA4A5D /* Poppins-Bold.ttf */,
				3AC412C9285F568A00EA4A5D /* Poppins-Black.ttf */,
				3AC412CA285F568A00EA4A5D /* Poppins-Thin.ttf */,
				3AC412CB285F568A00EA4A5D /* Poppins-SemiBold.ttf */,
				3AC412CC285F568A00EA4A5D /* Poppins-Italic.ttf */,
				3AC412CD285F568A00EA4A5D /* Poppins-MediumItalic.ttf */,
			);
			path = Resources;
			sourceTree = "<group>";
		};
		3ACFC3EC2843E00D00AE4504 = {
			isa = PBXGroup;
			children = (
				3ACFC3F72843E00D00AE4504 /* tripsine-mobile */,
				3ACFC40E2843E01200AE4504 /* tripsine-mobileTests */,
				3ACFC4182843E01200AE4504 /* tripsine-mobileUITests */,
				3ACFC3F62843E00D00AE4504 /* Products */,
				3A79C517285FD6F500AB69F9 /* Recovered References */,
				D2DC9FF713846B2FE574AC04 /* Pods */,
				349B68C52690013142F974FF /* Frameworks */,
			);
			sourceTree = "<group>";
		};
		3ACFC3F62843E00D00AE4504 /* Products */ = {
			isa = PBXGroup;
			children = (
				3ACFC3F52843E00D00AE4504 /* tripsine-mobile.app */,
				3ACFC40B2843E01200AE4504 /* tripsine-mobileTests.xctest */,
				3ACFC4152843E01200AE4504 /* tripsine-mobileUITests.xctest */,
			);
			name = Products;
			sourceTree = "<group>";
		};
		3ACFC3F72843E00D00AE4504 /* tripsine-mobile */ = {
			isa = PBXGroup;
			children = (
				3A0698EC2879C15500B840E3 /* Entities */,
				3ACFC4012843E01100AE4504 /* Assets.xcassets */,
				3ACFC4062843E01100AE4504 /* Info.plist */,
				3ACFC472284D01EC00AE4504 /* JSON */,
				3AC412BB285F568A00EA4A5D /* Resources */,
				0026BB052863709C00346E99 /* Design System */,
				3A79C518285FD83F00AB69F9 /* Model */,
				0003E691285BE63C0050E1E2 /* Service */,
				000B04C52852CAEB001A35ED /* ViewModel */,
				000B04C42852CAE5001A35ED /* View */,
				3AF2A8E1284D74BD00604E2F /* Artwork.swift */,
			);
			path = "tripsine-mobile";
			sourceTree = "<group>";
		};
		3ACFC40E2843E01200AE4504 /* tripsine-mobileTests */ = {
			isa = PBXGroup;
			children = (
				3ACFC40F2843E01200AE4504 /* tripsine_mobileTests.swift */,
			);
			path = "tripsine-mobileTests";
			sourceTree = "<group>";
		};
		3ACFC4182843E01200AE4504 /* tripsine-mobileUITests */ = {
			isa = PBXGroup;
			children = (
				3ACFC4192843E01200AE4504 /* tripsine_mobileUITests.swift */,
				3ACFC41B2843E01200AE4504 /* tripsine_mobileUITestsLaunchTests.swift */,
			);
			path = "tripsine-mobileUITests";
			sourceTree = "<group>";
		};
		3ACFC472284D01EC00AE4504 /* JSON */ = {
			isa = PBXGroup;
			children = (
				3AEB27FC284D3D6500A9FF93 /* restaurants.json */,
			);
			path = JSON;
			sourceTree = "<group>";
		};
		D2DC9FF713846B2FE574AC04 /* Pods */ = {
			isa = PBXGroup;
			children = (
				8DA3E990C0576D47DD0CD048 /* Pods-tripsine-mobile.debug.xcconfig */,
				CEF2F31CCB7E828CD808E173 /* Pods-tripsine-mobile.release.xcconfig */,
				F7AC0F010E5BB377A8F034D7 /* Pods-tripsine-mobile-tripsine-mobileUITests.debug.xcconfig */,
				44C68CF8B5EA0BA43DDEF07B /* Pods-tripsine-mobile-tripsine-mobileUITests.release.xcconfig */,
				D5D687A40C04954D04526D8C /* Pods-tripsine-mobileTests.debug.xcconfig */,
				E121CC47239B51F66BF77B1D /* Pods-tripsine-mobileTests.release.xcconfig */,
			);
			name = Pods;
			path = Pods;
			sourceTree = "<group>";
		};
/* End PBXGroup section */

/* Begin PBXNativeTarget section */
		3ACFC3F42843E00D00AE4504 /* tripsine-mobile */ = {
			isa = PBXNativeTarget;
			buildConfigurationList = 3ACFC41F2843E01200AE4504 /* Build configuration list for PBXNativeTarget "tripsine-mobile" */;
			buildPhases = (
				4A1EAD4BB6DC6F0916822955 /* [CP] Check Pods Manifest.lock */,
				3ACFC3F12843E00D00AE4504 /* Sources */,
				3ACFC3F22843E00D00AE4504 /* Frameworks */,
				3ACFC3F32843E00D00AE4504 /* Resources */,
				87C5BD552B0840E5FF10AEC6 /* [CP] Embed Pods Frameworks */,
			);
			buildRules = (
			);
			dependencies = (
			);
			name = "tripsine-mobile";
			productName = "tripsine-mobile";
			productReference = 3ACFC3F52843E00D00AE4504 /* tripsine-mobile.app */;
			productType = "com.apple.product-type.application";
		};
		3ACFC40A2843E01200AE4504 /* tripsine-mobileTests */ = {
			isa = PBXNativeTarget;
			buildConfigurationList = 3ACFC4222843E01200AE4504 /* Build configuration list for PBXNativeTarget "tripsine-mobileTests" */;
			buildPhases = (
				9FF70978D63C90A5ECC7C603 /* [CP] Check Pods Manifest.lock */,
				3ACFC4072843E01200AE4504 /* Sources */,
				3ACFC4082843E01200AE4504 /* Frameworks */,
				3ACFC4092843E01200AE4504 /* Resources */,
			);
			buildRules = (
			);
			dependencies = (
				3ACFC40D2843E01200AE4504 /* PBXTargetDependency */,
			);
			name = "tripsine-mobileTests";
			productName = "tripsine-mobileTests";
			productReference = 3ACFC40B2843E01200AE4504 /* tripsine-mobileTests.xctest */;
			productType = "com.apple.product-type.bundle.unit-test";
		};
		3ACFC4142843E01200AE4504 /* tripsine-mobileUITests */ = {
			isa = PBXNativeTarget;
			buildConfigurationList = 3ACFC4252843E01200AE4504 /* Build configuration list for PBXNativeTarget "tripsine-mobileUITests" */;
			buildPhases = (
				9E7585087AA016266483E150 /* [CP] Check Pods Manifest.lock */,
				3ACFC4112843E01200AE4504 /* Sources */,
				3ACFC4122843E01200AE4504 /* Frameworks */,
				3ACFC4132843E01200AE4504 /* Resources */,
				1861D302659CDA9C3FDB0F57 /* [CP] Embed Pods Frameworks */,
			);
			buildRules = (
			);
			dependencies = (
				3ACFC4172843E01200AE4504 /* PBXTargetDependency */,
			);
			name = "tripsine-mobileUITests";
			productName = "tripsine-mobileUITests";
			productReference = 3ACFC4152843E01200AE4504 /* tripsine-mobileUITests.xctest */;
			productType = "com.apple.product-type.bundle.ui-testing";
		};
/* End PBXNativeTarget section */

/* Begin PBXProject section */
		3ACFC3ED2843E00D00AE4504 /* Project object */ = {
			isa = PBXProject;
			attributes = {
				BuildIndependentTargetsInParallel = 1;
				LastSwiftUpdateCheck = 1330;
				LastUpgradeCheck = 1330;
				TargetAttributes = {
					3ACFC3F42843E00D00AE4504 = {
						CreatedOnToolsVersion = 13.3.1;
					};
					3ACFC40A2843E01200AE4504 = {
						CreatedOnToolsVersion = 13.3.1;
						TestTargetID = 3ACFC3F42843E00D00AE4504;
					};
					3ACFC4142843E01200AE4504 = {
						CreatedOnToolsVersion = 13.3.1;
						TestTargetID = 3ACFC3F42843E00D00AE4504;
					};
				};
			};
			buildConfigurationList = 3ACFC3F02843E00D00AE4504 /* Build configuration list for PBXProject "tripsine-mobile" */;
			compatibilityVersion = "Xcode 12.0";
			developmentRegion = en;
			hasScannedForEncodings = 0;
			knownRegions = (
				en,
				Base,
			);
			mainGroup = 3ACFC3EC2843E00D00AE4504;
			productRefGroup = 3ACFC3F62843E00D00AE4504 /* Products */;
			projectDirPath = "";
			projectRoot = "";
			targets = (
				3ACFC3F42843E00D00AE4504 /* tripsine-mobile */,
				3ACFC40A2843E01200AE4504 /* tripsine-mobileTests */,
				3ACFC4142843E01200AE4504 /* tripsine-mobileUITests */,
			);
		};
/* End PBXProject section */

/* Begin PBXResourcesBuildPhase section */
		3ACFC3F32843E00D00AE4504 /* Resources */ = {
			isa = PBXResourcesBuildPhase;
			buildActionMask = 2147483647;
			files = (
				3AC412D9285F568B00EA4A5D /* Poppins-LightItalic.ttf in Resources */,
				3AC412DA285F568B00EA4A5D /* Poppins-Bold.ttf in Resources */,
				3AC412D1285F568B00EA4A5D /* Poppins-BoldItalic.ttf in Resources */,
				3AC412D2285F568B00EA4A5D /* Poppins-Light.ttf in Resources */,
				3AC412D3285F568B00EA4A5D /* Poppins-Medium.ttf in Resources */,
				3AC412DB285F568B00EA4A5D /* Poppins-Black.ttf in Resources */,
				3AC412D0285F568B00EA4A5D /* Poppins-ExtraLightItalic.ttf in Resources */,
				3AC412CE285F568B00EA4A5D /* Poppins-ExtraLight.ttf in Resources */,
				3AC412D5285F568B00EA4A5D /* Poppins-ExtraBoldItalic.ttf in Resources */,
				3AC412DC285F568B00EA4A5D /* Poppins-Thin.ttf in Resources */,
				3AC412D4285F568B00EA4A5D /* Poppins-SemiBoldItalic.ttf in Resources */,
				3AC412D8285F568B00EA4A5D /* Poppins-Regular.ttf in Resources */,
				3AC412D7285F568B00EA4A5D /* Poppins-BlackItalic.ttf in Resources */,
				3AEB27FD284D3D6500A9FF93 /* restaurants.json in Resources */,
				3AC412BA285F550C00EA4A5D /* fonts in Resources */,
				3AC412DD285F568B00EA4A5D /* Poppins-SemiBold.ttf in Resources */,
				3ACFC4052843E01100AE4504 /* LaunchScreen.storyboard in Resources */,
				3AC412D6285F568B00EA4A5D /* Poppins-ExtraBold.ttf in Resources */,
				3AC412DE285F568B00EA4A5D /* Poppins-Italic.ttf in Resources */,
				3ACFC4022843E01100AE4504 /* Assets.xcassets in Resources */,
				3AC412CF285F568B00EA4A5D /* Poppins-ThinItalic.ttf in Resources */,
				3AC412DF285F568B00EA4A5D /* Poppins-MediumItalic.ttf in Resources */,
				3ACFC4002843E00D00AE4504 /* Main.storyboard in Resources */,
			);
			runOnlyForDeploymentPostprocessing = 0;
		};
		3ACFC4092843E01200AE4504 /* Resources */ = {
			isa = PBXResourcesBuildPhase;
			buildActionMask = 2147483647;
			files = (
			);
			runOnlyForDeploymentPostprocessing = 0;
		};
		3ACFC4132843E01200AE4504 /* Resources */ = {
			isa = PBXResourcesBuildPhase;
			buildActionMask = 2147483647;
			files = (
			);
			runOnlyForDeploymentPostprocessing = 0;
		};
/* End PBXResourcesBuildPhase section */

/* Begin PBXShellScriptBuildPhase section */
		1861D302659CDA9C3FDB0F57 /* [CP] Embed Pods Frameworks */ = {
			isa = PBXShellScriptBuildPhase;
			buildActionMask = 2147483647;
			files = (
			);
			inputFileListPaths = (
				"${PODS_ROOT}/Target Support Files/Pods-tripsine-mobile-tripsine-mobileUITests/Pods-tripsine-mobile-tripsine-mobileUITests-frameworks-${CONFIGURATION}-input-files.xcfilelist",
			);
			name = "[CP] Embed Pods Frameworks";
			outputFileListPaths = (
				"${PODS_ROOT}/Target Support Files/Pods-tripsine-mobile-tripsine-mobileUITests/Pods-tripsine-mobile-tripsine-mobileUITests-frameworks-${CONFIGURATION}-output-files.xcfilelist",
			);
			runOnlyForDeploymentPostprocessing = 0;
			shellPath = /bin/sh;
			shellScript = "\"${PODS_ROOT}/Target Support Files/Pods-tripsine-mobile-tripsine-mobileUITests/Pods-tripsine-mobile-tripsine-mobileUITests-frameworks.sh\"\n";
			showEnvVarsInLog = 0;
		};
		4A1EAD4BB6DC6F0916822955 /* [CP] Check Pods Manifest.lock */ = {
			isa = PBXShellScriptBuildPhase;
			buildActionMask = 2147483647;
			files = (
			);
			inputFileListPaths = (
			);
			inputPaths = (
				"${PODS_PODFILE_DIR_PATH}/Podfile.lock",
				"${PODS_ROOT}/Manifest.lock",
			);
			name = "[CP] Check Pods Manifest.lock";
			outputFileListPaths = (
			);
			outputPaths = (
				"$(DERIVED_FILE_DIR)/Pods-tripsine-mobile-checkManifestLockResult.txt",
			);
			runOnlyForDeploymentPostprocessing = 0;
			shellPath = /bin/sh;
			shellScript = "diff \"${PODS_PODFILE_DIR_PATH}/Podfile.lock\" \"${PODS_ROOT}/Manifest.lock\" > /dev/null\nif [ $? != 0 ] ; then\n    # print error to STDERR\n    echo \"error: The sandbox is not in sync with the Podfile.lock. Run 'pod install' or update your CocoaPods installation.\" >&2\n    exit 1\nfi\n# This output is used by Xcode 'outputs' to avoid re-running this script phase.\necho \"SUCCESS\" > \"${SCRIPT_OUTPUT_FILE_0}\"\n";
			showEnvVarsInLog = 0;
		};
		87C5BD552B0840E5FF10AEC6 /* [CP] Embed Pods Frameworks */ = {
			isa = PBXShellScriptBuildPhase;
			buildActionMask = 2147483647;
			files = (
			);
			inputFileListPaths = (
				"${PODS_ROOT}/Target Support Files/Pods-tripsine-mobile/Pods-tripsine-mobile-frameworks-${CONFIGURATION}-input-files.xcfilelist",
			);
			name = "[CP] Embed Pods Frameworks";
			outputFileListPaths = (
				"${PODS_ROOT}/Target Support Files/Pods-tripsine-mobile/Pods-tripsine-mobile-frameworks-${CONFIGURATION}-output-files.xcfilelist",
			);
			runOnlyForDeploymentPostprocessing = 0;
			shellPath = /bin/sh;
			shellScript = "\"${PODS_ROOT}/Target Support Files/Pods-tripsine-mobile/Pods-tripsine-mobile-frameworks.sh\"\n";
			showEnvVarsInLog = 0;
		};
		9E7585087AA016266483E150 /* [CP] Check Pods Manifest.lock */ = {
			isa = PBXShellScriptBuildPhase;
			buildActionMask = 2147483647;
			files = (
			);
			inputFileListPaths = (
			);
			inputPaths = (
				"${PODS_PODFILE_DIR_PATH}/Podfile.lock",
				"${PODS_ROOT}/Manifest.lock",
			);
			name = "[CP] Check Pods Manifest.lock";
			outputFileListPaths = (
			);
			outputPaths = (
				"$(DERIVED_FILE_DIR)/Pods-tripsine-mobile-tripsine-mobileUITests-checkManifestLockResult.txt",
			);
			runOnlyForDeploymentPostprocessing = 0;
			shellPath = /bin/sh;
			shellScript = "diff \"${PODS_PODFILE_DIR_PATH}/Podfile.lock\" \"${PODS_ROOT}/Manifest.lock\" > /dev/null\nif [ $? != 0 ] ; then\n    # print error to STDERR\n    echo \"error: The sandbox is not in sync with the Podfile.lock. Run 'pod install' or update your CocoaPods installation.\" >&2\n    exit 1\nfi\n# This output is used by Xcode 'outputs' to avoid re-running this script phase.\necho \"SUCCESS\" > \"${SCRIPT_OUTPUT_FILE_0}\"\n";
			showEnvVarsInLog = 0;
		};
		9FF70978D63C90A5ECC7C603 /* [CP] Check Pods Manifest.lock */ = {
			isa = PBXShellScriptBuildPhase;
			buildActionMask = 2147483647;
			files = (
			);
			inputFileListPaths = (
			);
			inputPaths = (
				"${PODS_PODFILE_DIR_PATH}/Podfile.lock",
				"${PODS_ROOT}/Manifest.lock",
			);
			name = "[CP] Check Pods Manifest.lock";
			outputFileListPaths = (
			);
			outputPaths = (
				"$(DERIVED_FILE_DIR)/Pods-tripsine-mobileTests-checkManifestLockResult.txt",
			);
			runOnlyForDeploymentPostprocessing = 0;
			shellPath = /bin/sh;
			shellScript = "diff \"${PODS_PODFILE_DIR_PATH}/Podfile.lock\" \"${PODS_ROOT}/Manifest.lock\" > /dev/null\nif [ $? != 0 ] ; then\n    # print error to STDERR\n    echo \"error: The sandbox is not in sync with the Podfile.lock. Run 'pod install' or update your CocoaPods installation.\" >&2\n    exit 1\nfi\n# This output is used by Xcode 'outputs' to avoid re-running this script phase.\necho \"SUCCESS\" > \"${SCRIPT_OUTPUT_FILE_0}\"\n";
			showEnvVarsInLog = 0;
		};
/* End PBXShellScriptBuildPhase section */

/* Begin PBXSourcesBuildPhase section */
		3ACFC3F12843E00D00AE4504 /* Sources */ = {
			isa = PBXSourcesBuildPhase;
			buildActionMask = 2147483647;
			files = (
				3AF68BF42853CCD100AB6945 /* RegisterViewController.swift in Sources */,
				002261F42861511300F4F430 /* HomeRestaurantViewModel.swift in Sources */,
				3AF68BF22853AC0A00AB6945 /* RestaurantsCollectionViewCell.swift in Sources */,
				0026BB07286370C900346E99 /* ProgressiveView.swift in Sources */,
				0026BB092863710300346E99 /* ProgresseShapeLayer.swift in Sources */,
				3A0698F42879CB8B00B840E3 /* LocationCoreDataService.swift in Sources */,
				006FB9FF2864DDB900628F39 /* MapService.swift in Sources */,
				002261F1286150A900F4F430 /* HomeRestaurantService.swift in Sources */,
				0003E695285BE7C90050E1E2 /* HomeCategoryViewModel.swift in Sources */,
				3AC41292285E919B00EA4A5D /* CustomUITabBarController.swift in Sources */,
				55D44EB328514E7C0069370F /* AboutViewController.swift in Sources */,
				0003E693285BE69D0050E1E2 /* HomeCategoryService.swift in Sources */,
				3AF2A8E2284D74BD00604E2F /* Artwork.swift in Sources */,
				55D44EBB285150590069370F /* ProfileViewController.swift in Sources */,
				3AF68BED2853A5E200AB6945 /* MapViewController.swift in Sources */,
				00E0A1142865F7E00025DCE6 /* FilterViewController.swift in Sources */,
				3AF68BEE2853A5E200AB6945 /* FavoritsTableViewController.swift in Sources */,
				3A0698EF2879C16E00B840E3 /* Location.xcdatamodeld in Sources */,
				3ACFC3F92843E00D00AE4504 /* AppDelegate.swift in Sources */,
				000B04C92852CC8D001A35ED /* HomeViewController.swift in Sources */,
				00978085285E75B700A09A21 /* CommonService.swift in Sources */,
				000B04CB2852DBC3001A35ED /* CategoryCollectionViewCell.swift in Sources */,
				3AF68BF02853A5ED00AB6945 /* FavoritsTableViewCell.swift in Sources */,
				0026BB0D28637CF500346E99 /* StrokeColorAnimation.swift in Sources */,
				3A0EEC91286013C70066FA13 /* LoginViewController.swift in Sources */,
				0095C776285953E8006DE580 /* DetailsViewController.swift in Sources */,
				3AC4128E285BA24300EA4A5D /* LocationModel.swift in Sources */,
				00E8F9C2286FCC9B000C9EB8 /* LoadingView.swift in Sources */,
				3A79C51A285FD86300AB69F9 /* HomeCategoryModel.swift in Sources */,
				0026BB0B2863714700346E99 /* StrokeAnimation.swift in Sources */,
				3ACFC3FB2843E00D00AE4504 /* SceneDelegate.swift in Sources */,
			);
			runOnlyForDeploymentPostprocessing = 0;
		};
		3ACFC4072843E01200AE4504 /* Sources */ = {
			isa = PBXSourcesBuildPhase;
			buildActionMask = 2147483647;
			files = (
				3ACFC4102843E01200AE4504 /* tripsine_mobileTests.swift in Sources */,
			);
			runOnlyForDeploymentPostprocessing = 0;
		};
		3ACFC4112843E01200AE4504 /* Sources */ = {
			isa = PBXSourcesBuildPhase;
			buildActionMask = 2147483647;
			files = (
				3ACFC41C2843E01200AE4504 /* tripsine_mobileUITestsLaunchTests.swift in Sources */,
				3ACFC41A2843E01200AE4504 /* tripsine_mobileUITests.swift in Sources */,
			);
			runOnlyForDeploymentPostprocessing = 0;
		};
/* End PBXSourcesBuildPhase section */

/* Begin PBXTargetDependency section */
		3ACFC40D2843E01200AE4504 /* PBXTargetDependency */ = {
			isa = PBXTargetDependency;
			target = 3ACFC3F42843E00D00AE4504 /* tripsine-mobile */;
			targetProxy = 3ACFC40C2843E01200AE4504 /* PBXContainerItemProxy */;
		};
		3ACFC4172843E01200AE4504 /* PBXTargetDependency */ = {
			isa = PBXTargetDependency;
			target = 3ACFC3F42843E00D00AE4504 /* tripsine-mobile */;
			targetProxy = 3ACFC4162843E01200AE4504 /* PBXContainerItemProxy */;
		};
/* End PBXTargetDependency section */

/* Begin PBXVariantGroup section */
		3ACFC3FE2843E00D00AE4504 /* Main.storyboard */ = {
			isa = PBXVariantGroup;
			children = (
				3ACFC3FF2843E00D00AE4504 /* Base */,
			);
			name = Main.storyboard;
			sourceTree = "<group>";
		};
		3ACFC4032843E01100AE4504 /* LaunchScreen.storyboard */ = {
			isa = PBXVariantGroup;
			children = (
				3ACFC4042843E01100AE4504 /* Base */,
			);
			name = LaunchScreen.storyboard;
			sourceTree = "<group>";
		};
/* End PBXVariantGroup section */

/* Begin XCBuildConfiguration section */
		3ACFC41D2843E01200AE4504 /* Debug */ = {
			isa = XCBuildConfiguration;
			buildSettings = {
				ALWAYS_SEARCH_USER_PATHS = NO;
				CLANG_ANALYZER_NONNULL = YES;
				CLANG_ANALYZER_NUMBER_OBJECT_CONVERSION = YES_AGGRESSIVE;
				CLANG_CXX_LANGUAGE_STANDARD = "gnu++17";
				CLANG_ENABLE_MODULES = YES;
				CLANG_ENABLE_OBJC_ARC = YES;
				CLANG_ENABLE_OBJC_WEAK = YES;
				CLANG_WARN_BLOCK_CAPTURE_AUTORELEASING = YES;
				CLANG_WARN_BOOL_CONVERSION = YES;
				CLANG_WARN_COMMA = YES;
				CLANG_WARN_CONSTANT_CONVERSION = YES;
				CLANG_WARN_DEPRECATED_OBJC_IMPLEMENTATIONS = YES;
				CLANG_WARN_DIRECT_OBJC_ISA_USAGE = YES_ERROR;
				CLANG_WARN_DOCUMENTATION_COMMENTS = YES;
				CLANG_WARN_EMPTY_BODY = YES;
				CLANG_WARN_ENUM_CONVERSION = YES;
				CLANG_WARN_INFINITE_RECURSION = YES;
				CLANG_WARN_INT_CONVERSION = YES;
				CLANG_WARN_NON_LITERAL_NULL_CONVERSION = YES;
				CLANG_WARN_OBJC_IMPLICIT_RETAIN_SELF = YES;
				CLANG_WARN_OBJC_LITERAL_CONVERSION = YES;
				CLANG_WARN_OBJC_ROOT_CLASS = YES_ERROR;
				CLANG_WARN_QUOTED_INCLUDE_IN_FRAMEWORK_HEADER = YES;
				CLANG_WARN_RANGE_LOOP_ANALYSIS = YES;
				CLANG_WARN_STRICT_PROTOTYPES = YES;
				CLANG_WARN_SUSPICIOUS_MOVE = YES;
				CLANG_WARN_UNGUARDED_AVAILABILITY = YES_AGGRESSIVE;
				CLANG_WARN_UNREACHABLE_CODE = YES;
				CLANG_WARN__DUPLICATE_METHOD_MATCH = YES;
				COPY_PHASE_STRIP = NO;
				DEBUG_INFORMATION_FORMAT = dwarf;
				ENABLE_STRICT_OBJC_MSGSEND = YES;
				ENABLE_TESTABILITY = YES;
				GCC_C_LANGUAGE_STANDARD = gnu11;
				GCC_DYNAMIC_NO_PIC = NO;
				GCC_NO_COMMON_BLOCKS = YES;
				GCC_OPTIMIZATION_LEVEL = 0;
				GCC_PREPROCESSOR_DEFINITIONS = (
					"DEBUG=1",
					"$(inherited)",
				);
				GCC_WARN_64_TO_32_BIT_CONVERSION = YES;
				GCC_WARN_ABOUT_RETURN_TYPE = YES_ERROR;
				GCC_WARN_UNDECLARED_SELECTOR = YES;
				GCC_WARN_UNINITIALIZED_AUTOS = YES_AGGRESSIVE;
				GCC_WARN_UNUSED_FUNCTION = YES;
				GCC_WARN_UNUSED_VARIABLE = YES;
				IPHONEOS_DEPLOYMENT_TARGET = 15.4;
				MTL_ENABLE_DEBUG_INFO = INCLUDE_SOURCE;
				MTL_FAST_MATH = YES;
				ONLY_ACTIVE_ARCH = YES;
				SDKROOT = iphoneos;
				SWIFT_ACTIVE_COMPILATION_CONDITIONS = DEBUG;
				SWIFT_OPTIMIZATION_LEVEL = "-Onone";
			};
			name = Debug;
		};
		3ACFC41E2843E01200AE4504 /* Release */ = {
			isa = XCBuildConfiguration;
			buildSettings = {
				ALWAYS_SEARCH_USER_PATHS = NO;
				CLANG_ANALYZER_NONNULL = YES;
				CLANG_ANALYZER_NUMBER_OBJECT_CONVERSION = YES_AGGRESSIVE;
				CLANG_CXX_LANGUAGE_STANDARD = "gnu++17";
				CLANG_ENABLE_MODULES = YES;
				CLANG_ENABLE_OBJC_ARC = YES;
				CLANG_ENABLE_OBJC_WEAK = YES;
				CLANG_WARN_BLOCK_CAPTURE_AUTORELEASING = YES;
				CLANG_WARN_BOOL_CONVERSION = YES;
				CLANG_WARN_COMMA = YES;
				CLANG_WARN_CONSTANT_CONVERSION = YES;
				CLANG_WARN_DEPRECATED_OBJC_IMPLEMENTATIONS = YES;
				CLANG_WARN_DIRECT_OBJC_ISA_USAGE = YES_ERROR;
				CLANG_WARN_DOCUMENTATION_COMMENTS = YES;
				CLANG_WARN_EMPTY_BODY = YES;
				CLANG_WARN_ENUM_CONVERSION = YES;
				CLANG_WARN_INFINITE_RECURSION = YES;
				CLANG_WARN_INT_CONVERSION = YES;
				CLANG_WARN_NON_LITERAL_NULL_CONVERSION = YES;
				CLANG_WARN_OBJC_IMPLICIT_RETAIN_SELF = YES;
				CLANG_WARN_OBJC_LITERAL_CONVERSION = YES;
				CLANG_WARN_OBJC_ROOT_CLASS = YES_ERROR;
				CLANG_WARN_QUOTED_INCLUDE_IN_FRAMEWORK_HEADER = YES;
				CLANG_WARN_RANGE_LOOP_ANALYSIS = YES;
				CLANG_WARN_STRICT_PROTOTYPES = YES;
				CLANG_WARN_SUSPICIOUS_MOVE = YES;
				CLANG_WARN_UNGUARDED_AVAILABILITY = YES_AGGRESSIVE;
				CLANG_WARN_UNREACHABLE_CODE = YES;
				CLANG_WARN__DUPLICATE_METHOD_MATCH = YES;
				COPY_PHASE_STRIP = NO;
				DEBUG_INFORMATION_FORMAT = "dwarf-with-dsym";
				ENABLE_NS_ASSERTIONS = NO;
				ENABLE_STRICT_OBJC_MSGSEND = YES;
				GCC_C_LANGUAGE_STANDARD = gnu11;
				GCC_NO_COMMON_BLOCKS = YES;
				GCC_WARN_64_TO_32_BIT_CONVERSION = YES;
				GCC_WARN_ABOUT_RETURN_TYPE = YES_ERROR;
				GCC_WARN_UNDECLARED_SELECTOR = YES;
				GCC_WARN_UNINITIALIZED_AUTOS = YES_AGGRESSIVE;
				GCC_WARN_UNUSED_FUNCTION = YES;
				GCC_WARN_UNUSED_VARIABLE = YES;
				IPHONEOS_DEPLOYMENT_TARGET = 15.4;
				MTL_ENABLE_DEBUG_INFO = NO;
				MTL_FAST_MATH = YES;
				SDKROOT = iphoneos;
				SWIFT_COMPILATION_MODE = wholemodule;
				SWIFT_OPTIMIZATION_LEVEL = "-O";
				VALIDATE_PRODUCT = YES;
			};
			name = Release;
		};
		3ACFC4202843E01200AE4504 /* Debug */ = {
			isa = XCBuildConfiguration;
			baseConfigurationReference = 8DA3E990C0576D47DD0CD048 /* Pods-tripsine-mobile.debug.xcconfig */;
			buildSettings = {
				ASSETCATALOG_COMPILER_APPICON_NAME = AppIcon;
				ASSETCATALOG_COMPILER_GLOBAL_ACCENT_COLOR_NAME = AccentColor;
				CODE_SIGN_STYLE = Automatic;
				CURRENT_PROJECT_VERSION = 1;
				DEVELOPMENT_TEAM = 597JYH443Z;
				GENERATE_INFOPLIST_FILE = YES;
				INFOPLIST_FILE = "tripsine-mobile/Info.plist";
				INFOPLIST_KEY_LSApplicationCategoryType = "Permitir o uso da localização atual para buscar restaurantes próximos a você?";
				INFOPLIST_KEY_NSLocationAlwaysAndWhenInUseUsageDescription = "";
				INFOPLIST_KEY_NSLocationWhenInUseUsageDescription = "Permitir o uso da localização atual para buscar restaurantes próximos a você?";
				INFOPLIST_KEY_UIApplicationSupportsIndirectInputEvents = YES;
				INFOPLIST_KEY_UILaunchStoryboardName = LaunchScreen;
				INFOPLIST_KEY_UIMainStoryboardFile = Main;
				INFOPLIST_KEY_UIStatusBarHidden = YES;
				INFOPLIST_KEY_UISupportedInterfaceOrientations = "";
				INFOPLIST_KEY_UISupportedInterfaceOrientations_iPad = "UIInterfaceOrientationPortrait UIInterfaceOrientationPortraitUpsideDown UIInterfaceOrientationLandscapeLeft UIInterfaceOrientationLandscapeRight";
				INFOPLIST_KEY_UISupportedInterfaceOrientations_iPhone = "UIInterfaceOrientationPortrait UIInterfaceOrientationLandscapeLeft UIInterfaceOrientationLandscapeRight";
				IPHONEOS_DEPLOYMENT_TARGET = 15.0;
				LD_RUNPATH_SEARCH_PATHS = (
					"$(inherited)",
					"@executable_path/Frameworks",
				);
				MARKETING_VERSION = 1.0;
				PRODUCT_BUNDLE_IDENTIFIER = "tripsine.tripsine-mobile";
				PRODUCT_NAME = "$(TARGET_NAME)";
				SWIFT_EMIT_LOC_STRINGS = YES;
				SWIFT_VERSION = 5.0;
				TARGETED_DEVICE_FAMILY = "1,2";
			};
			name = Debug;
		};
		3ACFC4212843E01200AE4504 /* Release */ = {
			isa = XCBuildConfiguration;
			baseConfigurationReference = CEF2F31CCB7E828CD808E173 /* Pods-tripsine-mobile.release.xcconfig */;
			buildSettings = {
				ASSETCATALOG_COMPILER_APPICON_NAME = AppIcon;
				ASSETCATALOG_COMPILER_GLOBAL_ACCENT_COLOR_NAME = AccentColor;
				CODE_SIGN_STYLE = Automatic;
				CURRENT_PROJECT_VERSION = 1;
				DEVELOPMENT_TEAM = 597JYH443Z;
				GENERATE_INFOPLIST_FILE = YES;
				INFOPLIST_FILE = "tripsine-mobile/Info.plist";
				INFOPLIST_KEY_LSApplicationCategoryType = "Permitir o uso da localização atual para buscar restaurantes próximos a você?";
				INFOPLIST_KEY_NSLocationAlwaysAndWhenInUseUsageDescription = "";
				INFOPLIST_KEY_NSLocationWhenInUseUsageDescription = "Permitir o uso da localização atual para buscar restaurantes próximos a você?";
				INFOPLIST_KEY_UIApplicationSupportsIndirectInputEvents = YES;
				INFOPLIST_KEY_UILaunchStoryboardName = LaunchScreen;
				INFOPLIST_KEY_UIMainStoryboardFile = Main;
				INFOPLIST_KEY_UIStatusBarHidden = YES;
				INFOPLIST_KEY_UISupportedInterfaceOrientations = "";
				INFOPLIST_KEY_UISupportedInterfaceOrientations_iPad = "UIInterfaceOrientationPortrait UIInterfaceOrientationPortraitUpsideDown UIInterfaceOrientationLandscapeLeft UIInterfaceOrientationLandscapeRight";
				INFOPLIST_KEY_UISupportedInterfaceOrientations_iPhone = "UIInterfaceOrientationPortrait UIInterfaceOrientationLandscapeLeft UIInterfaceOrientationLandscapeRight";
				IPHONEOS_DEPLOYMENT_TARGET = 15.0;
				LD_RUNPATH_SEARCH_PATHS = (
					"$(inherited)",
					"@executable_path/Frameworks",
				);
				MARKETING_VERSION = 1.0;
				PRODUCT_BUNDLE_IDENTIFIER = "tripsine.tripsine-mobile";
				PRODUCT_NAME = "$(TARGET_NAME)";
				SWIFT_EMIT_LOC_STRINGS = YES;
				SWIFT_VERSION = 5.0;
				TARGETED_DEVICE_FAMILY = "1,2";
			};
			name = Release;
		};
		3ACFC4232843E01200AE4504 /* Debug */ = {
			isa = XCBuildConfiguration;
			baseConfigurationReference = D5D687A40C04954D04526D8C /* Pods-tripsine-mobileTests.debug.xcconfig */;
			buildSettings = {
				ALWAYS_EMBED_SWIFT_STANDARD_LIBRARIES = YES;
				BUNDLE_LOADER = "$(TEST_HOST)";
				CODE_SIGN_STYLE = Automatic;
				CURRENT_PROJECT_VERSION = 1;
				DEVELOPMENT_TEAM = 597JYH443Z;
				GENERATE_INFOPLIST_FILE = YES;
				IPHONEOS_DEPLOYMENT_TARGET = 15.4;
				MARKETING_VERSION = 1.0;
				PRODUCT_BUNDLE_IDENTIFIER = "tripsine.tripsine-mobileTests";
				PRODUCT_NAME = "$(TARGET_NAME)";
				SWIFT_EMIT_LOC_STRINGS = NO;
				SWIFT_VERSION = 5.0;
				TARGETED_DEVICE_FAMILY = "1,2";
				TEST_HOST = "$(BUILT_PRODUCTS_DIR)/tripsine-mobile.app/tripsine-mobile";
			};
			name = Debug;
		};
		3ACFC4242843E01200AE4504 /* Release */ = {
			isa = XCBuildConfiguration;
			baseConfigurationReference = E121CC47239B51F66BF77B1D /* Pods-tripsine-mobileTests.release.xcconfig */;
			buildSettings = {
				ALWAYS_EMBED_SWIFT_STANDARD_LIBRARIES = YES;
				BUNDLE_LOADER = "$(TEST_HOST)";
				CODE_SIGN_STYLE = Automatic;
				CURRENT_PROJECT_VERSION = 1;
				DEVELOPMENT_TEAM = 597JYH443Z;
				GENERATE_INFOPLIST_FILE = YES;
				IPHONEOS_DEPLOYMENT_TARGET = 15.4;
				MARKETING_VERSION = 1.0;
				PRODUCT_BUNDLE_IDENTIFIER = "tripsine.tripsine-mobileTests";
				PRODUCT_NAME = "$(TARGET_NAME)";
				SWIFT_EMIT_LOC_STRINGS = NO;
				SWIFT_VERSION = 5.0;
				TARGETED_DEVICE_FAMILY = "1,2";
				TEST_HOST = "$(BUILT_PRODUCTS_DIR)/tripsine-mobile.app/tripsine-mobile";
			};
			name = Release;
		};
		3ACFC4262843E01200AE4504 /* Debug */ = {
			isa = XCBuildConfiguration;
			baseConfigurationReference = F7AC0F010E5BB377A8F034D7 /* Pods-tripsine-mobile-tripsine-mobileUITests.debug.xcconfig */;
			buildSettings = {
				ALWAYS_EMBED_SWIFT_STANDARD_LIBRARIES = YES;
				CODE_SIGN_STYLE = Automatic;
				CURRENT_PROJECT_VERSION = 1;
				DEVELOPMENT_TEAM = 597JYH443Z;
				GENERATE_INFOPLIST_FILE = YES;
				MARKETING_VERSION = 1.0;
				PRODUCT_BUNDLE_IDENTIFIER = "tripsine.tripsine-mobileUITests";
				PRODUCT_NAME = "$(TARGET_NAME)";
				SWIFT_EMIT_LOC_STRINGS = NO;
				SWIFT_VERSION = 5.0;
				TARGETED_DEVICE_FAMILY = "1,2";
				TEST_TARGET_NAME = "tripsine-mobile";
			};
			name = Debug;
		};
		3ACFC4272843E01200AE4504 /* Release */ = {
			isa = XCBuildConfiguration;
			baseConfigurationReference = 44C68CF8B5EA0BA43DDEF07B /* Pods-tripsine-mobile-tripsine-mobileUITests.release.xcconfig */;
			buildSettings = {
				ALWAYS_EMBED_SWIFT_STANDARD_LIBRARIES = YES;
				CODE_SIGN_STYLE = Automatic;
				CURRENT_PROJECT_VERSION = 1;
				DEVELOPMENT_TEAM = 597JYH443Z;
				GENERATE_INFOPLIST_FILE = YES;
				MARKETING_VERSION = 1.0;
				PRODUCT_BUNDLE_IDENTIFIER = "tripsine.tripsine-mobileUITests";
				PRODUCT_NAME = "$(TARGET_NAME)";
				SWIFT_EMIT_LOC_STRINGS = NO;
				SWIFT_VERSION = 5.0;
				TARGETED_DEVICE_FAMILY = "1,2";
				TEST_TARGET_NAME = "tripsine-mobile";
			};
			name = Release;
		};
/* End XCBuildConfiguration section */

/* Begin XCConfigurationList section */
		3ACFC3F02843E00D00AE4504 /* Build configuration list for PBXProject "tripsine-mobile" */ = {
			isa = XCConfigurationList;
			buildConfigurations = (
				3ACFC41D2843E01200AE4504 /* Debug */,
				3ACFC41E2843E01200AE4504 /* Release */,
			);
			defaultConfigurationIsVisible = 0;
			defaultConfigurationName = Release;
		};
		3ACFC41F2843E01200AE4504 /* Build configuration list for PBXNativeTarget "tripsine-mobile" */ = {
			isa = XCConfigurationList;
			buildConfigurations = (
				3ACFC4202843E01200AE4504 /* Debug */,
				3ACFC4212843E01200AE4504 /* Release */,
			);
			defaultConfigurationIsVisible = 0;
			defaultConfigurationName = Release;
		};
		3ACFC4222843E01200AE4504 /* Build configuration list for PBXNativeTarget "tripsine-mobileTests" */ = {
			isa = XCConfigurationList;
			buildConfigurations = (
				3ACFC4232843E01200AE4504 /* Debug */,
				3ACFC4242843E01200AE4504 /* Release */,
			);
			defaultConfigurationIsVisible = 0;
			defaultConfigurationName = Release;
		};
		3ACFC4252843E01200AE4504 /* Build configuration list for PBXNativeTarget "tripsine-mobileUITests" */ = {
			isa = XCConfigurationList;
			buildConfigurations = (
				3ACFC4262843E01200AE4504 /* Debug */,
				3ACFC4272843E01200AE4504 /* Release */,
			);
			defaultConfigurationIsVisible = 0;
			defaultConfigurationName = Release;
		};
/* End XCConfigurationList section */

/* Begin XCVersionGroup section */
		3A0698ED2879C16E00B840E3 /* Location.xcdatamodeld */ = {
			isa = XCVersionGroup;
			children = (
				3A0698EE2879C16E00B840E3 /* Location.xcdatamodel */,
			);
			currentVersion = 3A0698EE2879C16E00B840E3 /* Location.xcdatamodel */;
			path = Location.xcdatamodeld;
			sourceTree = "<group>";
			versionGroupType = wrapper.xcdatamodel;
		};
/* End XCVersionGroup section */
	};
	rootObject = 3ACFC3ED2843E00D00AE4504 /* Project object */;
}
